
Microsoft Visual Studio Solution File, Format Version 12.00
# Visual Studio Version 17
VisualStudioVersion = 17.1.32421.90
MinimumVisualStudioVersion = 10.0.40219.1
Project("{9A19103F-16F7-4668-BE54-9A1E7A4F7556}") = "Order.Api", "Order.Api\Order.Api.csproj", "{F0443166-1668-4A09-979A-0CE94F62D780}"
EndProject
Global
	GlobalSection(SolutionConfigurationPlatforms) = preSolution
		Debug|Any CPU = Debug|Any CPU
		Release|Any CPU = Release|Any CPU
	EndGlobalSection
	GlobalSection(ProjectConfigurationPlatforms) = postSolution
		{F0443166-1668-4A09-979A-0CE94F62D780}.Debug|Any CPU.ActiveCfg = Debug|Any CPU
		{F0443166-1668-4A09-979A-0CE94F62D780}.Debug|Any CPU.Build.0 = Debug|Any CPU
		{F0443166-1668-4A09-979A-0CE94F62D780}.Release|Any CPU.ActiveCfg = Release|Any CPU
		{F0443166-1668-4A09-979A-0CE94F62D780}.Release|Any CPU.Build.0 = Release|Any CPU
	EndGlobalSection
	GlobalSection(SolutionProperties) = preSolution
		HideSolutionNode = FALSE
	EndGlobalSection
	GlobalSection(ExtensibilityGlobals) = postSolution
		SolutionGuid = {CF81831F-3850-405A-A87A-D82DFDEAED66}
	EndGlobalSection
EndGlobal
